
Microsoft Visual Studio Solution File, Format Version 11.00
# Visual Studio 2010
Project("{FAE04EC0-301F-11D3-BF4B-00C04F79EFBC}") = "iCatalogData", "iCatalogData\iCatalogData.csproj", "{D7CE9840-716C-419B-B1AB-3E3274A3D367}"
EndProject
Project("{FAE04EC0-301F-11D3-BF4B-00C04F79EFBC}") = "iCatalogBB", "iCatalogBB\iCatalogBB.csproj", "{2497DC23-C20E-4795-9769-08EB38624AA1}"
EndProject
Project("{FAE04EC0-301F-11D3-BF4B-00C04F79EFBC}") = "iCatalogSite", "iCatalogSite\iCatalogSite.csproj", "{44818308-8389-464E-A497-67B5ECA0EF8D}"
EndProject
Global
	GlobalSection(SolutionConfigurationPlatforms) = preSolution
		Debug|Any CPU = Debug|Any CPU
		Release|Any CPU = Release|Any CPU
	EndGlobalSection
	GlobalSection(ProjectConfigurationPlatforms) = postSolution
		{D7CE9840-716C-419B-B1AB-3E3274A3D367}.Debug|Any CPU.ActiveCfg = Debug|Any CPU
		{D7CE9840-716C-419B-B1AB-3E3274A3D367}.Debug|Any CPU.Build.0 = Debug|Any CPU
		{D7CE9840-716C-419B-B1AB-3E3274A3D367}.Release|Any CPU.ActiveCfg = Release|Any CPU
		{D7CE9840-716C-419B-B1AB-3E3274A3D367}.Release|Any CPU.Build.0 = Release|Any CPU
		{2497DC23-C20E-4795-9769-08EB38624AA1}.Debug|Any CPU.ActiveCfg = Debug|Any CPU
		{2497DC23-C20E-4795-9769-08EB38624AA1}.Debug|Any CPU.Build.0 = Debug|Any CPU
		{2497DC23-C20E-4795-9769-08EB38624AA1}.Release|Any CPU.ActiveCfg = Release|Any CPU
		{2497DC23-C20E-4795-9769-08EB38624AA1}.Release|Any CPU.Build.0 = Release|Any CPU
		{44818308-8389-464E-A497-67B5ECA0EF8D}.Debug|Any CPU.ActiveCfg = Debug|Any CPU
		{44818308-8389-464E-A497-67B5ECA0EF8D}.Debug|Any CPU.Build.0 = Debug|Any CPU
		{44818308-8389-464E-A497-67B5ECA0EF8D}.Release|Any CPU.ActiveCfg = Release|Any CPU
		{44818308-8389-464E-A497-67B5ECA0EF8D}.Release|Any CPU.Build.0 = Release|Any CPU
	EndGlobalSection
	GlobalSection(SolutionProperties) = preSolution
		HideSolutionNode = FALSE
	EndGlobalSection
EndGlobal
